
Microsoft Visual Studio Solution File, Format Version 12.00
# Visual Studio Version 17
VisualStudioVersion = 17.9.34723.18
MinimumVisualStudioVersion = 10.0.40219.1
Project("{FAE04EC0-301F-11D3-BF4B-00C04F79EFBC}") = "ReworkZenithBeep", "ReworkZenithBeep\ReworkZenithBeep.csproj", "{24E3A4F7-8DAD-4A70-B5F3-E2154A3B9874}"
EndProject
Global
	GlobalSection(SolutionConfigurationPlatforms) = preSolution
		Debug|Any CPU = Debug|Any CPU
		Release|Any CPU = Release|Any CPU
	EndGlobalSection
	GlobalSection(ProjectConfigurationPlatforms) = postSolution
		{24E3A4F7-8DAD-4A70-B5F3-E2154A3B9874}.Debug|Any CPU.ActiveCfg = Debug|Any CPU
		{24E3A4F7-8DAD-4A70-B5F3-E2154A3B9874}.Debug|Any CPU.Build.0 = Debug|Any CPU
		{24E3A4F7-8DAD-4A70-B5F3-E2154A3B9874}.Release|Any CPU.ActiveCfg = Release|Any CPU
		{24E3A4F7-8DAD-4A70-B5F3-E2154A3B9874}.Release|Any CPU.Build.0 = Release|Any CPU
	EndGlobalSection
	GlobalSection(SolutionProperties) = preSolution
		HideSolutionNode = FALSE
	EndGlobalSection
	GlobalSection(ExtensibilityGlobals) = postSolution
		SolutionGuid = {AA8DEA9E-E11D-48DB-B084-E853504C9876}
	EndGlobalSection
EndGlobal
